{
  "name": "typescript-Declation",
  "lockfileVersion": 2,
  "requires": true,
  "packages": {
    "": {
      "dependencies": {
        "moment": "^2.29.3"
      },
      "devDependencies": {
        "@types/node": "^17.0.42"
      }
    },
    "node_modules/@types/node": {
      "version": "17.0.42",
      "resolved": "https://registry.npmmirror.com/@types/node/-/node-17.0.42.tgz",
      "integrity": "sha512-Q5BPGyGKcvQgAMbsr7qEGN/kIPN6zZecYYABeTDBizOsau+2NMdSVTar9UQw21A2+JyA2KRNDYaYrPB0Rpk2oQ==",
      "dev": true
    },
    "node_modules/moment": {
      "version": "2.29.3",
      "resolved": "https://registry.npmmirror.com/moment/-/moment-2.29.3.tgz",
      "integrity": "sha512-c6YRvhEo//6T2Jz/vVtYzqBzwvPT95JBQ+smCytzf7c50oMZRsR/a4w88aD34I+/QVSfnoAnSBFPJHItlOMJVw==",
      "engines": {
        "node": "*"
      }
    }
  },
  "dependencies": {
    "@types/node": {
      "version": "17.0.42",
      "resolved": "https://registry.npmmirror.com/@types/node/-/node-17.0.42.tgz",
      "integrity": "sha512-Q5BPGyGKcvQgAMbsr7qEGN/kIPN6zZecYYABeTDBizOsau+2NMdSVTar9UQw21A2+JyA2KRNDYaYrPB0Rpk2oQ==",
      "dev": true
    },
    "moment": {
      "version": "2.29.3",
      "resolved": "https://registry.npmmirror.com/moment/-/moment-2.29.3.tgz",
      "integrity": "sha512-c6YRvhEo//6T2Jz/vVtYzqBzwvPT95JBQ+smCytzf7c50oMZRsR/a4w88aD34I+/QVSfnoAnSBFPJHItlOMJVw=="
    }
  }
}
